
Microsoft Visual Studio Solution File, Format Version 12.00
# Visual Studio Version 17
VisualStudioVersion = 17.0.31903.59
MinimumVisualStudioVersion = 10.0.40219.1
Project("{2150E333-8FDC-42A3-9474-1A3956D46DE8}") = "Services", "Services", "{873959BD-3F78-47BD-9FC9-B0CD70579A2B}"
EndProject
Project("{2150E333-8FDC-42A3-9474-1A3956D46DE8}") = "Catalog", "Catalog", "{FBB875C5-5FFF-481D-8F18-992BA81F28CD}"
EndProject
Project("{FAE04EC0-301F-11D3-BF4B-00C04F79EFBC}") = "Catalog.API", "Services\Catalog\Catalog.API\Catalog.API.csproj", "{8C142C7F-DECD-4060-8731-C61EF4B334D1}"
EndProject
Project("{2150E333-8FDC-42A3-9474-1A3956D46DE8}") = "BuildingBlocks", "BuildingBlocks", "{353E7494-DA5B-4FD0-AFE5-3460310FEDE7}"
EndProject
Project("{FAE04EC0-301F-11D3-BF4B-00C04F79EFBC}") = "BuildingBlocks", "BuildingBlocks\BuildingBlocks.csproj", "{A5A25F84-AD06-40D5-B1AF-F8C73242EBCC}"
EndProject
Project("{E53339B2-1760-4266-BCC7-CA923CBCF16C}") = "docker-compose", "docker-compose.dcproj", "{9B84D72D-EF55-45AF-86BC-0F3D758631E8}"
EndProject
Project("{2150E333-8FDC-42A3-9474-1A3956D46DE8}") = "Basket", "Basket", "{2FE73650-7F34-4667-9868-F263565446AD}"
EndProject
Project("{FAE04EC0-301F-11D3-BF4B-00C04F79EFBC}") = "Basket.Api", "Services\Basket\Basket.Api\Basket.Api.csproj", "{87CCC6F7-198E-4771-BA5B-F9D3805B44CD}"
EndProject
Project("{2150E333-8FDC-42A3-9474-1A3956D46DE8}") = "Discount", "Discount", "{A448218E-DB55-4F78-AF4F-72FE139D7AB4}"
EndProject
Project("{FAE04EC0-301F-11D3-BF4B-00C04F79EFBC}") = "Discount.Grpc", "Services\Discount\Discount.Grpc\Discount.Grpc.csproj", "{0BF55775-4E76-4431-AD4B-CBA69FA95732}"
EndProject
Project("{2150E333-8FDC-42A3-9474-1A3956D46DE8}") = "Ordering", "Ordering", "{5C112D50-FCCC-4A1F-9FB6-8795A682E5FD}"
EndProject
Project("{FAE04EC0-301F-11D3-BF4B-00C04F79EFBC}") = "Ordering.Api", "Services\Ordering\Ordering.Api\Ordering.Api.csproj", "{D6653832-F35E-44F1-A87C-63E6A93B4DAD}"
EndProject
Project("{FAE04EC0-301F-11D3-BF4B-00C04F79EFBC}") = "Ordering.Domain", "Services\Ordering\Ordering.Domain\Ordering.Domain.csproj", "{B09F39CB-144A-489E-B004-F69EC4604717}"
EndProject
Project("{FAE04EC0-301F-11D3-BF4B-00C04F79EFBC}") = "Ordering.Application", "Services\Ordering\Ordering.Application\Ordering.Application.csproj", "{0F726CB1-5FBF-447E-A505-53CA6F78BDD4}"
EndProject
Project("{FAE04EC0-301F-11D3-BF4B-00C04F79EFBC}") = "Ordering.Infrastructure", "Services\Ordering\Ordering.Infrastructure\Ordering.Infrastructure.csproj", "{890C80FF-D931-46AA-8FB9-333683C940E5}"
EndProject
Global
	GlobalSection(SolutionConfigurationPlatforms) = preSolution
		Debug|Any CPU = Debug|Any CPU
		Release|Any CPU = Release|Any CPU
	EndGlobalSection
	GlobalSection(ProjectConfigurationPlatforms) = postSolution
		{8C142C7F-DECD-4060-8731-C61EF4B334D1}.Debug|Any CPU.ActiveCfg = Debug|Any CPU
		{8C142C7F-DECD-4060-8731-C61EF4B334D1}.Debug|Any CPU.Build.0 = Debug|Any CPU
		{8C142C7F-DECD-4060-8731-C61EF4B334D1}.Release|Any CPU.ActiveCfg = Release|Any CPU
		{8C142C7F-DECD-4060-8731-C61EF4B334D1}.Release|Any CPU.Build.0 = Release|Any CPU
		{A5A25F84-AD06-40D5-B1AF-F8C73242EBCC}.Debug|Any CPU.ActiveCfg = Debug|Any CPU
		{A5A25F84-AD06-40D5-B1AF-F8C73242EBCC}.Debug|Any CPU.Build.0 = Debug|Any CPU
		{A5A25F84-AD06-40D5-B1AF-F8C73242EBCC}.Release|Any CPU.ActiveCfg = Release|Any CPU
		{A5A25F84-AD06-40D5-B1AF-F8C73242EBCC}.Release|Any CPU.Build.0 = Release|Any CPU
		{9B84D72D-EF55-45AF-86BC-0F3D758631E8}.Debug|Any CPU.ActiveCfg = Debug|Any CPU
		{9B84D72D-EF55-45AF-86BC-0F3D758631E8}.Debug|Any CPU.Build.0 = Debug|Any CPU
		{9B84D72D-EF55-45AF-86BC-0F3D758631E8}.Release|Any CPU.ActiveCfg = Release|Any CPU
		{9B84D72D-EF55-45AF-86BC-0F3D758631E8}.Release|Any CPU.Build.0 = Release|Any CPU
		{87CCC6F7-198E-4771-BA5B-F9D3805B44CD}.Debug|Any CPU.ActiveCfg = Debug|Any CPU
		{87CCC6F7-198E-4771-BA5B-F9D3805B44CD}.Debug|Any CPU.Build.0 = Debug|Any CPU
		{87CCC6F7-198E-4771-BA5B-F9D3805B44CD}.Release|Any CPU.ActiveCfg = Release|Any CPU
		{87CCC6F7-198E-4771-BA5B-F9D3805B44CD}.Release|Any CPU.Build.0 = Release|Any CPU
		{0BF55775-4E76-4431-AD4B-CBA69FA95732}.Debug|Any CPU.ActiveCfg = Debug|Any CPU
		{0BF55775-4E76-4431-AD4B-CBA69FA95732}.Debug|Any CPU.Build.0 = Debug|Any CPU
		{0BF55775-4E76-4431-AD4B-CBA69FA95732}.Release|Any CPU.ActiveCfg = Release|Any CPU
		{0BF55775-4E76-4431-AD4B-CBA69FA95732}.Release|Any CPU.Build.0 = Release|Any CPU
		{D6653832-F35E-44F1-A87C-63E6A93B4DAD}.Debug|Any CPU.ActiveCfg = Debug|Any CPU
		{D6653832-F35E-44F1-A87C-63E6A93B4DAD}.Debug|Any CPU.Build.0 = Debug|Any CPU
		{D6653832-F35E-44F1-A87C-63E6A93B4DAD}.Release|Any CPU.ActiveCfg = Release|Any CPU
		{D6653832-F35E-44F1-A87C-63E6A93B4DAD}.Release|Any CPU.Build.0 = Release|Any CPU
		{B09F39CB-144A-489E-B004-F69EC4604717}.Debug|Any CPU.ActiveCfg = Debug|Any CPU
		{B09F39CB-144A-489E-B004-F69EC4604717}.Debug|Any CPU.Build.0 = Debug|Any CPU
		{B09F39CB-144A-489E-B004-F69EC4604717}.Release|Any CPU.ActiveCfg = Release|Any CPU
		{B09F39CB-144A-489E-B004-F69EC4604717}.Release|Any CPU.Build.0 = Release|Any CPU
		{0F726CB1-5FBF-447E-A505-53CA6F78BDD4}.Debug|Any CPU.ActiveCfg = Debug|Any CPU
		{0F726CB1-5FBF-447E-A505-53CA6F78BDD4}.Debug|Any CPU.Build.0 = Debug|Any CPU
		{0F726CB1-5FBF-447E-A505-53CA6F78BDD4}.Release|Any CPU.ActiveCfg = Release|Any CPU
		{0F726CB1-5FBF-447E-A505-53CA6F78BDD4}.Release|Any CPU.Build.0 = Release|Any CPU
		{890C80FF-D931-46AA-8FB9-333683C940E5}.Debug|Any CPU.ActiveCfg = Debug|Any CPU
		{890C80FF-D931-46AA-8FB9-333683C940E5}.Debug|Any CPU.Build.0 = Debug|Any CPU
		{890C80FF-D931-46AA-8FB9-333683C940E5}.Release|Any CPU.ActiveCfg = Release|Any CPU
		{890C80FF-D931-46AA-8FB9-333683C940E5}.Release|Any CPU.Build.0 = Release|Any CPU
	EndGlobalSection
	GlobalSection(SolutionProperties) = preSolution
		HideSolutionNode = FALSE
	EndGlobalSection
	GlobalSection(NestedProjects) = preSolution
		{FBB875C5-5FFF-481D-8F18-992BA81F28CD} = {873959BD-3F78-47BD-9FC9-B0CD70579A2B}
		{8C142C7F-DECD-4060-8731-C61EF4B334D1} = {FBB875C5-5FFF-481D-8F18-992BA81F28CD}
		{A5A25F84-AD06-40D5-B1AF-F8C73242EBCC} = {353E7494-DA5B-4FD0-AFE5-3460310FEDE7}
		{2FE73650-7F34-4667-9868-F263565446AD} = {873959BD-3F78-47BD-9FC9-B0CD70579A2B}
		{87CCC6F7-198E-4771-BA5B-F9D3805B44CD} = {2FE73650-7F34-4667-9868-F263565446AD}
		{A448218E-DB55-4F78-AF4F-72FE139D7AB4} = {873959BD-3F78-47BD-9FC9-B0CD70579A2B}
		{0BF55775-4E76-4431-AD4B-CBA69FA95732} = {A448218E-DB55-4F78-AF4F-72FE139D7AB4}
		{5C112D50-FCCC-4A1F-9FB6-8795A682E5FD} = {873959BD-3F78-47BD-9FC9-B0CD70579A2B}
		{D6653832-F35E-44F1-A87C-63E6A93B4DAD} = {5C112D50-FCCC-4A1F-9FB6-8795A682E5FD}
		{B09F39CB-144A-489E-B004-F69EC4604717} = {5C112D50-FCCC-4A1F-9FB6-8795A682E5FD}
		{0F726CB1-5FBF-447E-A505-53CA6F78BDD4} = {5C112D50-FCCC-4A1F-9FB6-8795A682E5FD}
		{890C80FF-D931-46AA-8FB9-333683C940E5} = {5C112D50-FCCC-4A1F-9FB6-8795A682E5FD}
	EndGlobalSection
EndGlobal
